
Microsoft Visual Studio Solution File, Format Version 12.00
# Visual Studio Version 16
VisualStudioVersion = 16.0.30804.86
MinimumVisualStudioVersion = 10.0.40219.1
Project("{FAE04EC0-301F-11D3-BF4B-00C04F79EFBC}") = "singleton", "singleton\singleton.csproj", "{0B7E2FF2-252B-4DF2-A30C-67F1D406FEEA}"
EndProject
Global
	GlobalSection(SolutionConfigurationPlatforms) = preSolution
		Debug|Any CPU = Debug|Any CPU
		Release|Any CPU = Release|Any CPU
	EndGlobalSection
	GlobalSection(ProjectConfigurationPlatforms) = postSolution
		{0B7E2FF2-252B-4DF2-A30C-67F1D406FEEA}.Debug|Any CPU.ActiveCfg = Debug|Any CPU
		{0B7E2FF2-252B-4DF2-A30C-67F1D406FEEA}.Debug|Any CPU.Build.0 = Debug|Any CPU
		{0B7E2FF2-252B-4DF2-A30C-67F1D406FEEA}.Release|Any CPU.ActiveCfg = Release|Any CPU
		{0B7E2FF2-252B-4DF2-A30C-67F1D406FEEA}.Release|Any CPU.Build.0 = Release|Any CPU
	EndGlobalSection
	GlobalSection(SolutionProperties) = preSolution
		HideSolutionNode = FALSE
	EndGlobalSection
	GlobalSection(ExtensibilityGlobals) = postSolution
		SolutionGuid = {1330618E-C1B7-4BBD-8DF9-B07DE36A1A43}
	EndGlobalSection
EndGlobal
